
Microsoft Visual Studio Solution File, Format Version 11.00
# Visual Studio 2010
Project("{FAE04EC0-301F-11D3-BF4B-00C04F79EFBC}") = "(Win32) Steamworks", "Steamworks\(Win32) Steamworks.csproj", "{838190E4-D0D2-4558-A41A-4BEBCDA5EBB6}"
EndProject
Project("{2150E333-8FDC-42A3-9474-1A3956D46DE8}") = "Readme", "Readme", "{C63C52E4-0167-4CE2-AC01-7552FE2A23B8}"
	ProjectSection(SolutionItems) = preProject
		Platforms.md = Platforms.md
		Using (Win32) Steamworks.md = Using (Win32) Steamworks.md
	EndProjectSection
EndProject
Global
	GlobalSection(SolutionConfigurationPlatforms) = preSolution
		Debug|Any CPU = Debug|Any CPU
		Release|Any CPU = Release|Any CPU
		Win32|Any CPU = Win32|Any CPU
	EndGlobalSection
	GlobalSection(ProjectConfigurationPlatforms) = postSolution
		{838190E4-D0D2-4558-A41A-4BEBCDA5EBB6}.Debug|Any CPU.ActiveCfg = Debug|Any CPU
		{838190E4-D0D2-4558-A41A-4BEBCDA5EBB6}.Debug|Any CPU.Build.0 = Debug|Any CPU
		{838190E4-D0D2-4558-A41A-4BEBCDA5EBB6}.Release|Any CPU.ActiveCfg = Release|Any CPU
		{838190E4-D0D2-4558-A41A-4BEBCDA5EBB6}.Release|Any CPU.Build.0 = Release|Any CPU
		{838190E4-D0D2-4558-A41A-4BEBCDA5EBB6}.Win32|Any CPU.ActiveCfg = Win32|Any CPU
		{838190E4-D0D2-4558-A41A-4BEBCDA5EBB6}.Win32|Any CPU.Build.0 = Win32|Any CPU
	EndGlobalSection
	GlobalSection(SolutionProperties) = preSolution
		HideSolutionNode = FALSE
	EndGlobalSection
EndGlobal
