
Microsoft Visual Studio Solution File, Format Version 12.00
# Visual Studio Version 17
VisualStudioVersion = 17.14.35821.62
MinimumVisualStudioVersion = 10.0.40219.1
Project("{FAE04EC0-301F-11D3-BF4B-00C04F79EFBC}") = "Steamworks.NET.Tests", "Steamworks.NET.Tests\Steamworks.NET.Tests.csproj", "{998ADA53-3C53-4498-B239-6E4F1467D3F7}"
EndProject
Project("{FAE04EC0-301F-11D3-BF4B-00C04F79EFBC}") = "Steamworks.NET.Standard", "Steamworks.NET\Steamworks.NET.Standard.csproj", "{5536211F-6FFD-48B4-B5CC-1988BA82B6F3}"
EndProject
Global
	GlobalSection(SolutionConfigurationPlatforms) = preSolution
		OSX-Linux|x64 = OSX-Linux|x64
		OSX-Linux|x86 = OSX-Linux|x86
		Windows|x64 = Windows|x64
		Windows|x86 = Windows|x86
		Windows-ValueTask|x64 = Windows-ValueTask|x64
		Windows-ValueTask|x86 = Windows-ValueTask|x86
	EndGlobalSection
	GlobalSection(ProjectConfigurationPlatforms) = postSolution
		{998ADA53-3C53-4498-B239-6E4F1467D3F7}.OSX-Linux|x64.ActiveCfg = OSX-Linux|Any CPU
		{998ADA53-3C53-4498-B239-6E4F1467D3F7}.OSX-Linux|x64.Build.0 = OSX-Linux|Any CPU
		{998ADA53-3C53-4498-B239-6E4F1467D3F7}.OSX-Linux|x86.ActiveCfg = OSX-Linux|x86
		{998ADA53-3C53-4498-B239-6E4F1467D3F7}.OSX-Linux|x86.Build.0 = OSX-Linux|x86
		{998ADA53-3C53-4498-B239-6E4F1467D3F7}.Windows|x64.ActiveCfg = Windows|Any CPU
		{998ADA53-3C53-4498-B239-6E4F1467D3F7}.Windows|x64.Build.0 = Windows|Any CPU
		{998ADA53-3C53-4498-B239-6E4F1467D3F7}.Windows|x86.ActiveCfg = Windows|x86
		{998ADA53-3C53-4498-B239-6E4F1467D3F7}.Windows|x86.Build.0 = Windows|x86
		{998ADA53-3C53-4498-B239-6E4F1467D3F7}.Windows-ValueTask|x64.ActiveCfg = Windows-ValueTask|x64
		{998ADA53-3C53-4498-B239-6E4F1467D3F7}.Windows-ValueTask|x64.Build.0 = Windows-ValueTask|x64
		{998ADA53-3C53-4498-B239-6E4F1467D3F7}.Windows-ValueTask|x86.ActiveCfg = Windows-ValueTask|x86
		{998ADA53-3C53-4498-B239-6E4F1467D3F7}.Windows-ValueTask|x86.Build.0 = Windows-ValueTask|x86
		{5536211F-6FFD-48B4-B5CC-1988BA82B6F3}.OSX-Linux|x64.ActiveCfg = OSX-Linux|Any CPU
		{5536211F-6FFD-48B4-B5CC-1988BA82B6F3}.OSX-Linux|x64.Build.0 = OSX-Linux|Any CPU
		{5536211F-6FFD-48B4-B5CC-1988BA82B6F3}.OSX-Linux|x86.ActiveCfg = OSX-Linux|x86
		{5536211F-6FFD-48B4-B5CC-1988BA82B6F3}.OSX-Linux|x86.Build.0 = OSX-Linux|x86
		{5536211F-6FFD-48B4-B5CC-1988BA82B6F3}.Windows|x64.ActiveCfg = Windows|Any CPU
		{5536211F-6FFD-48B4-B5CC-1988BA82B6F3}.Windows|x64.Build.0 = Windows|Any CPU
		{5536211F-6FFD-48B4-B5CC-1988BA82B6F3}.Windows|x86.ActiveCfg = Windows|x86
		{5536211F-6FFD-48B4-B5CC-1988BA82B6F3}.Windows|x86.Build.0 = Windows|x86
		{5536211F-6FFD-48B4-B5CC-1988BA82B6F3}.Windows-ValueTask|x64.ActiveCfg = Windows-ValueTask|x64
		{5536211F-6FFD-48B4-B5CC-1988BA82B6F3}.Windows-ValueTask|x64.Build.0 = Windows-ValueTask|x64
		{5536211F-6FFD-48B4-B5CC-1988BA82B6F3}.Windows-ValueTask|x86.ActiveCfg = Windows-ValueTask|x86
		{5536211F-6FFD-48B4-B5CC-1988BA82B6F3}.Windows-ValueTask|x86.Build.0 = Windows-ValueTask|x86
	EndGlobalSection
	GlobalSection(SolutionProperties) = preSolution
		HideSolutionNode = FALSE
	EndGlobalSection
	GlobalSection(ExtensibilityGlobals) = postSolution
		SolutionGuid = {EDFD04E1-5140-4A08-9F0B-3BE1A9B58AE6}
	EndGlobalSection
EndGlobal
