
Microsoft Visual Studio Solution File, Format Version 12.00
# Visual Studio Version 16
VisualStudioVersion = 16.0.29009.5
MinimumVisualStudioVersion = 10.0.40219.1
Project("{9A19103F-16F7-4668-BE54-9A1E7A4F7556}") = "Steamworks.NET", "Steamworks.NET.csproj", "{F34F403D-1D4D-4DC6-BBAE-DA31190EC88C}"
EndProject
Global
	GlobalSection(SolutionConfigurationPlatforms) = preSolution
		Debug|Any CPU = Debug|Any CPU
		Release|Any CPU = Release|Any CPU
	EndGlobalSection
	GlobalSection(ProjectConfigurationPlatforms) = postSolution
		{F34F403D-1D4D-4DC6-BBAE-DA31190EC88C}.Debug|Any CPU.ActiveCfg = Debug|Any CPU
		{F34F403D-1D4D-4DC6-BBAE-DA31190EC88C}.Debug|Any CPU.Build.0 = Debug|Any CPU
		{F34F403D-1D4D-4DC6-BBAE-DA31190EC88C}.Release|Any CPU.ActiveCfg = Release|Any CPU
		{F34F403D-1D4D-4DC6-BBAE-DA31190EC88C}.Release|Any CPU.Build.0 = Release|Any CPU
	EndGlobalSection
	GlobalSection(SolutionProperties) = preSolution
		HideSolutionNode = FALSE
	EndGlobalSection
	GlobalSection(ExtensibilityGlobals) = postSolution
		SolutionGuid = {EDFD04E1-5140-4A08-9F0B-3BE1A9B58AE6}
	EndGlobalSection
EndGlobal
